
Microsoft Visual Studio Solution File, Format Version 12.00
# Visual Studio Version 17
VisualStudioVersion = 17.8.34511.84
MinimumVisualStudioVersion = 10.0.40219.1
Project("{FAE04EC0-301F-11D3-BF4B-00C04F79EFBC}") = "SmartLibrary", "SmartLibrary\SmartLibrary.csproj", "{FB308821-2A80-4258-BD6F-916DB1FB8E1A}"
EndProject
Global
	GlobalSection(SolutionConfigurationPlatforms) = preSolution
		Debug|Any CPU = Debug|Any CPU
		Release|Any CPU = Release|Any CPU
	EndGlobalSection
	GlobalSection(ProjectConfigurationPlatforms) = postSolution
		{FB308821-2A80-4258-BD6F-916DB1FB8E1A}.Debug|Any CPU.ActiveCfg = Debug|Any CPU
		{FB308821-2A80-4258-BD6F-916DB1FB8E1A}.Debug|Any CPU.Build.0 = Debug|Any CPU
		{FB308821-2A80-4258-BD6F-916DB1FB8E1A}.Release|Any CPU.ActiveCfg = Release|Any CPU
		{FB308821-2A80-4258-BD6F-916DB1FB8E1A}.Release|Any CPU.Build.0 = Release|Any CPU
	EndGlobalSection
	GlobalSection(SolutionProperties) = preSolution
		HideSolutionNode = FALSE
	EndGlobalSection
	GlobalSection(ExtensibilityGlobals) = postSolution
		SolutionGuid = {0F1DEB0D-4D26-45D3-8757-AFFEB4E36AA0}
	EndGlobalSection
EndGlobal
