
Microsoft Visual Studio Solution File, Format Version 12.00
# Visual Studio Version 17
VisualStudioVersion = 17.8.34511.84
MinimumVisualStudioVersion = 10.0.40219.1
Project("{9A19103F-16F7-4668-BE54-9A1E7A4F7556}") = "SmartLibrary", "SmartLibrary\SmartLibrary.csproj", "{FB308821-2A80-4258-BD6F-916DB1FB8E1A}"
EndProject
Project("{9A19103F-16F7-4668-BE54-9A1E7A4F7556}") = "SmartManager", "SmartManager\SmartManager.csproj", "{68F0285D-D3ED-4494-8267-1107261A1092}"
EndProject
Project("{9A19103F-16F7-4668-BE54-9A1E7A4F7556}") = "Shared", "Shared\Shared.csproj", "{1B5E8380-4839-4DC8-83BE-BC2D40C3CCAF}"
EndProject
Global
	GlobalSection(SolutionConfigurationPlatforms) = preSolution
		Debug|Any CPU = Debug|Any CPU
		Debug|x64 = Debug|x64
		Release|Any CPU = Release|Any CPU
		Release|x64 = Release|x64
	EndGlobalSection
	GlobalSection(ProjectConfigurationPlatforms) = postSolution
		{FB308821-2A80-4258-BD6F-916DB1FB8E1A}.Debug|Any CPU.ActiveCfg = Debug|x64
		{FB308821-2A80-4258-BD6F-916DB1FB8E1A}.Debug|x64.ActiveCfg = Debug|x64
		{FB308821-2A80-4258-BD6F-916DB1FB8E1A}.Debug|x64.Build.0 = Debug|x64
		{FB308821-2A80-4258-BD6F-916DB1FB8E1A}.Release|Any CPU.ActiveCfg = Release|x64
		{FB308821-2A80-4258-BD6F-916DB1FB8E1A}.Release|x64.ActiveCfg = Release|x64
		{FB308821-2A80-4258-BD6F-916DB1FB8E1A}.Release|x64.Build.0 = Release|x64
		{68F0285D-D3ED-4494-8267-1107261A1092}.Debug|Any CPU.ActiveCfg = Debug|x64
		{68F0285D-D3ED-4494-8267-1107261A1092}.Debug|x64.ActiveCfg = Debug|x64
		{68F0285D-D3ED-4494-8267-1107261A1092}.Debug|x64.Build.0 = Debug|x64
		{68F0285D-D3ED-4494-8267-1107261A1092}.Release|Any CPU.ActiveCfg = Release|x64
		{68F0285D-D3ED-4494-8267-1107261A1092}.Release|x64.ActiveCfg = Release|x64
		{68F0285D-D3ED-4494-8267-1107261A1092}.Release|x64.Build.0 = Release|x64
		{1B5E8380-4839-4DC8-83BE-BC2D40C3CCAF}.Debug|Any CPU.ActiveCfg = Debug|x64
		{1B5E8380-4839-4DC8-83BE-BC2D40C3CCAF}.Debug|x64.ActiveCfg = Debug|x64
		{1B5E8380-4839-4DC8-83BE-BC2D40C3CCAF}.Debug|x64.Build.0 = Debug|x64
		{1B5E8380-4839-4DC8-83BE-BC2D40C3CCAF}.Release|Any CPU.ActiveCfg = Release|x64
		{1B5E8380-4839-4DC8-83BE-BC2D40C3CCAF}.Release|x64.ActiveCfg = Release|x64
		{1B5E8380-4839-4DC8-83BE-BC2D40C3CCAF}.Release|x64.Build.0 = Release|x64
	EndGlobalSection
	GlobalSection(SolutionProperties) = preSolution
		HideSolutionNode = FALSE
	EndGlobalSection
	GlobalSection(ExtensibilityGlobals) = postSolution
		SolutionGuid = {0F1DEB0D-4D26-45D3-8757-AFFEB4E36AA0}
	EndGlobalSection
EndGlobal
